
Microsoft Visual Studio Solution File, Format Version 12.00
# Visual Studio Version 17
VisualStudioVersion = 17.8.34322.80
MinimumVisualStudioVersion = 10.0.40219.1
Project("{8BC9CEB8-8B4A-11D0-8D11-00A0C91BC942}") = "day01", "day01\day01.vcxproj", "{602DD17A-626D-4D0A-B0C1-EA562C097E28}"
EndProject
Project("{8BC9CEB8-8B4A-11D0-8D11-00A0C91BC942}") = "day02", "day02\day02.vcxproj", "{08EC07E7-E746-4951-845D-0CF0090A8BD3}"
EndProject
Project("{8BC9CEB8-8B4A-11D0-8D11-00A0C91BC942}") = "day03", "day03\day03.vcxproj", "{FAF09D65-EFF8-4611-81A9-9280B6D586C2}"
EndProject
Project("{8BC9CEB8-8B4A-11D0-8D11-00A0C91BC942}") = "day04", "day04\day04.vcxproj", "{F875CF69-E101-464C-88F6-FF6016842B5D}"
EndProject
Project("{8BC9CEB8-8B4A-11D0-8D11-00A0C91BC942}") = "day05", "day05\day05.vcxproj", "{46512168-ED06-4DAF-8EF9-D45E551C3BBC}"
EndProject
Project("{8BC9CEB8-8B4A-11D0-8D11-00A0C91BC942}") = "ConsoleApplication1", "..\test\ConsoleApplication1\ConsoleApplication1.vcxproj", "{CDAE0091-2156-4447-A9E6-A1F9AC45ADD2}"
EndProject
Project("{8BC9CEB8-8B4A-11D0-8D11-00A0C91BC942}") = "Day06", "Day06\Day06.vcxproj", "{8DDCB37A-1FCE-42CF-83B2-2BEE1C3F6C3A}"
EndProject
Project("{8BC9CEB8-8B4A-11D0-8D11-00A0C91BC942}") = "Day07", "Day07\Day07.vcxproj", "{A658ADF6-6AB5-4B57-81E0-74C9E53C10F8}"
EndProject
Project("{8BC9CEB8-8B4A-11D0-8D11-00A0C91BC942}") = "Day08", "Day08\Day08.vcxproj", "{2482C049-0F4B-478F-8147-3038489A8608}"
EndProject
Project("{8BC9CEB8-8B4A-11D0-8D11-00A0C91BC942}") = "Day09", "Day09\Day09.vcxproj", "{7A8BA68F-D07E-42A2-BC85-16C221D983CF}"
EndProject
Project("{8BC9CEB8-8B4A-11D0-8D11-00A0C91BC942}") = "Day10", "Day10\Day10.vcxproj", "{A96C0537-1703-4960-B2EA-E1BF79AB0041}"
EndProject
Project("{8BC9CEB8-8B4A-11D0-8D11-00A0C91BC942}") = "Day11", "Day11\Day11.vcxproj", "{022DBA72-8C36-4781-AEC0-39956E80EBAF}"
EndProject
Project("{8BC9CEB8-8B4A-11D0-8D11-00A0C91BC942}") = "Day12", "Day12\Day12.vcxproj", "{9542EE7C-3506-4CC5-96C8-9F53A56C606E}"
EndProject
Project("{8BC9CEB8-8B4A-11D0-8D11-00A0C91BC942}") = "Day13", "Day13\Day13.vcxproj", "{C6924FC5-BA6A-4A31-8119-E0AD0C463377}"
EndProject
Project("{8BC9CEB8-8B4A-11D0-8D11-00A0C91BC942}") = "Day14", "Day14\Day14.vcxproj", "{E7AEBA03-5785-4756-B681-65C3149CC572}"
EndProject
Project("{8BC9CEB8-8B4A-11D0-8D11-00A0C91BC942}") = "Day15", "Day15\Day15.vcxproj", "{40D17ADE-04E0-46A7-ADEF-37B8310B135F}"
EndProject
Project("{8BC9CEB8-8B4A-11D0-8D11-00A0C91BC942}") = "Day16", "Day16\Day16.vcxproj", "{B9FFA27C-1017-42E9-AEE8-340EE993AAFF}"
EndProject
Global
	GlobalSection(SolutionConfigurationPlatforms) = preSolution
		Debug|x64 = Debug|x64
		Debug|x86 = Debug|x86
		Release|x64 = Release|x64
		Release|x86 = Release|x86
	EndGlobalSection
	GlobalSection(ProjectConfigurationPlatforms) = postSolution
		{602DD17A-626D-4D0A-B0C1-EA562C097E28}.Debug|x64.ActiveCfg = Debug|x64
		{602DD17A-626D-4D0A-B0C1-EA562C097E28}.Debug|x64.Build.0 = Debug|x64
		{602DD17A-626D-4D0A-B0C1-EA562C097E28}.Debug|x86.ActiveCfg = Debug|Win32
		{602DD17A-626D-4D0A-B0C1-EA562C097E28}.Debug|x86.Build.0 = Debug|Win32
		{602DD17A-626D-4D0A-B0C1-EA562C097E28}.Release|x64.ActiveCfg = Release|x64
		{602DD17A-626D-4D0A-B0C1-EA562C097E28}.Release|x64.Build.0 = Release|x64
		{602DD17A-626D-4D0A-B0C1-EA562C097E28}.Release|x86.ActiveCfg = Release|Win32
		{602DD17A-626D-4D0A-B0C1-EA562C097E28}.Release|x86.Build.0 = Release|Win32
		{08EC07E7-E746-4951-845D-0CF0090A8BD3}.Debug|x64.ActiveCfg = Debug|x64
		{08EC07E7-E746-4951-845D-0CF0090A8BD3}.Debug|x64.Build.0 = Debug|x64
		{08EC07E7-E746-4951-845D-0CF0090A8BD3}.Debug|x86.ActiveCfg = Debug|Win32
		{08EC07E7-E746-4951-845D-0CF0090A8BD3}.Debug|x86.Build.0 = Debug|Win32
		{08EC07E7-E746-4951-845D-0CF0090A8BD3}.Release|x64.ActiveCfg = Release|x64
		{08EC07E7-E746-4951-845D-0CF0090A8BD3}.Release|x64.Build.0 = Release|x64
		{08EC07E7-E746-4951-845D-0CF0090A8BD3}.Release|x86.ActiveCfg = Release|Win32
		{08EC07E7-E746-4951-845D-0CF0090A8BD3}.Release|x86.Build.0 = Release|Win32
		{FAF09D65-EFF8-4611-81A9-9280B6D586C2}.Debug|x64.ActiveCfg = Debug|x64
		{FAF09D65-EFF8-4611-81A9-9280B6D586C2}.Debug|x64.Build.0 = Debug|x64
		{FAF09D65-EFF8-4611-81A9-9280B6D586C2}.Debug|x86.ActiveCfg = Debug|Win32
		{FAF09D65-EFF8-4611-81A9-9280B6D586C2}.Debug|x86.Build.0 = Debug|Win32
		{FAF09D65-EFF8-4611-81A9-9280B6D586C2}.Release|x64.ActiveCfg = Release|x64
		{FAF09D65-EFF8-4611-81A9-9280B6D586C2}.Release|x64.Build.0 = Release|x64
		{FAF09D65-EFF8-4611-81A9-9280B6D586C2}.Release|x86.ActiveCfg = Release|Win32
		{FAF09D65-EFF8-4611-81A9-9280B6D586C2}.Release|x86.Build.0 = Release|Win32
		{F875CF69-E101-464C-88F6-FF6016842B5D}.Debug|x64.ActiveCfg = Debug|x64
		{F875CF69-E101-464C-88F6-FF6016842B5D}.Debug|x64.Build.0 = Debug|x64
		{F875CF69-E101-464C-88F6-FF6016842B5D}.Debug|x86.ActiveCfg = Debug|Win32
		{F875CF69-E101-464C-88F6-FF6016842B5D}.Debug|x86.Build.0 = Debug|Win32
		{F875CF69-E101-464C-88F6-FF6016842B5D}.Release|x64.ActiveCfg = Release|x64
		{F875CF69-E101-464C-88F6-FF6016842B5D}.Release|x64.Build.0 = Release|x64
		{F875CF69-E101-464C-88F6-FF6016842B5D}.Release|x86.ActiveCfg = Release|Win32
		{F875CF69-E101-464C-88F6-FF6016842B5D}.Release|x86.Build.0 = Release|Win32
		{46512168-ED06-4DAF-8EF9-D45E551C3BBC}.Debug|x64.ActiveCfg = Debug|x64
		{46512168-ED06-4DAF-8EF9-D45E551C3BBC}.Debug|x64.Build.0 = Debug|x64
		{46512168-ED06-4DAF-8EF9-D45E551C3BBC}.Debug|x86.ActiveCfg = Debug|Win32
		{46512168-ED06-4DAF-8EF9-D45E551C3BBC}.Debug|x86.Build.0 = Debug|Win32
		{46512168-ED06-4DAF-8EF9-D45E551C3BBC}.Release|x64.ActiveCfg = Release|x64
		{46512168-ED06-4DAF-8EF9-D45E551C3BBC}.Release|x64.Build.0 = Release|x64
		{46512168-ED06-4DAF-8EF9-D45E551C3BBC}.Release|x86.ActiveCfg = Release|Win32
		{46512168-ED06-4DAF-8EF9-D45E551C3BBC}.Release|x86.Build.0 = Release|Win32
		{CDAE0091-2156-4447-A9E6-A1F9AC45ADD2}.Debug|x64.ActiveCfg = Debug|x64
		{CDAE0091-2156-4447-A9E6-A1F9AC45ADD2}.Debug|x64.Build.0 = Debug|x64
		{CDAE0091-2156-4447-A9E6-A1F9AC45ADD2}.Debug|x86.ActiveCfg = Debug|Win32
		{CDAE0091-2156-4447-A9E6-A1F9AC45ADD2}.Debug|x86.Build.0 = Debug|Win32
		{CDAE0091-2156-4447-A9E6-A1F9AC45ADD2}.Release|x64.ActiveCfg = Release|x64
		{CDAE0091-2156-4447-A9E6-A1F9AC45ADD2}.Release|x64.Build.0 = Release|x64
		{CDAE0091-2156-4447-A9E6-A1F9AC45ADD2}.Release|x86.ActiveCfg = Release|Win32
		{CDAE0091-2156-4447-A9E6-A1F9AC45ADD2}.Release|x86.Build.0 = Release|Win32
		{8DDCB37A-1FCE-42CF-83B2-2BEE1C3F6C3A}.Debug|x64.ActiveCfg = Debug|x64
		{8DDCB37A-1FCE-42CF-83B2-2BEE1C3F6C3A}.Debug|x64.Build.0 = Debug|x64
		{8DDCB37A-1FCE-42CF-83B2-2BEE1C3F6C3A}.Debug|x86.ActiveCfg = Debug|Win32
		{8DDCB37A-1FCE-42CF-83B2-2BEE1C3F6C3A}.Debug|x86.Build.0 = Debug|Win32
		{8DDCB37A-1FCE-42CF-83B2-2BEE1C3F6C3A}.Release|x64.ActiveCfg = Release|x64
		{8DDCB37A-1FCE-42CF-83B2-2BEE1C3F6C3A}.Release|x64.Build.0 = Release|x64
		{8DDCB37A-1FCE-42CF-83B2-2BEE1C3F6C3A}.Release|x86.ActiveCfg = Release|Win32
		{8DDCB37A-1FCE-42CF-83B2-2BEE1C3F6C3A}.Release|x86.Build.0 = Release|Win32
		{A658ADF6-6AB5-4B57-81E0-74C9E53C10F8}.Debug|x64.ActiveCfg = Debug|x64
		{A658ADF6-6AB5-4B57-81E0-74C9E53C10F8}.Debug|x64.Build.0 = Debug|x64
		{A658ADF6-6AB5-4B57-81E0-74C9E53C10F8}.Debug|x86.ActiveCfg = Debug|Win32
		{A658ADF6-6AB5-4B57-81E0-74C9E53C10F8}.Debug|x86.Build.0 = Debug|Win32
		{A658ADF6-6AB5-4B57-81E0-74C9E53C10F8}.Release|x64.ActiveCfg = Release|x64
		{A658ADF6-6AB5-4B57-81E0-74C9E53C10F8}.Release|x64.Build.0 = Release|x64
		{A658ADF6-6AB5-4B57-81E0-74C9E53C10F8}.Release|x86.ActiveCfg = Release|Win32
		{A658ADF6-6AB5-4B57-81E0-74C9E53C10F8}.Release|x86.Build.0 = Release|Win32
		{2482C049-0F4B-478F-8147-3038489A8608}.Debug|x64.ActiveCfg = Debug|x64
		{2482C049-0F4B-478F-8147-3038489A8608}.Debug|x64.Build.0 = Debug|x64
		{2482C049-0F4B-478F-8147-3038489A8608}.Debug|x86.ActiveCfg = Debug|Win32
		{2482C049-0F4B-478F-8147-3038489A8608}.Debug|x86.Build.0 = Debug|Win32
		{2482C049-0F4B-478F-8147-3038489A8608}.Release|x64.ActiveCfg = Release|x64
		{2482C049-0F4B-478F-8147-3038489A8608}.Release|x64.Build.0 = Release|x64
		{2482C049-0F4B-478F-8147-3038489A8608}.Release|x86.ActiveCfg = Release|Win32
		{2482C049-0F4B-478F-8147-3038489A8608}.Release|x86.Build.0 = Release|Win32
		{7A8BA68F-D07E-42A2-BC85-16C221D983CF}.Debug|x64.ActiveCfg = Debug|x64
		{7A8BA68F-D07E-42A2-BC85-16C221D983CF}.Debug|x64.Build.0 = Debug|x64
		{7A8BA68F-D07E-42A2-BC85-16C221D983CF}.Debug|x86.ActiveCfg = Debug|Win32
		{7A8BA68F-D07E-42A2-BC85-16C221D983CF}.Debug|x86.Build.0 = Debug|Win32
		{7A8BA68F-D07E-42A2-BC85-16C221D983CF}.Release|x64.ActiveCfg = Release|x64
		{7A8BA68F-D07E-42A2-BC85-16C221D983CF}.Release|x64.Build.0 = Release|x64
		{7A8BA68F-D07E-42A2-BC85-16C221D983CF}.Release|x86.ActiveCfg = Release|Win32
		{7A8BA68F-D07E-42A2-BC85-16C221D983CF}.Release|x86.Build.0 = Release|Win32
		{A96C0537-1703-4960-B2EA-E1BF79AB0041}.Debug|x64.ActiveCfg = Debug|x64
		{A96C0537-1703-4960-B2EA-E1BF79AB0041}.Debug|x64.Build.0 = Debug|x64
		{A96C0537-1703-4960-B2EA-E1BF79AB0041}.Debug|x86.ActiveCfg = Debug|Win32
		{A96C0537-1703-4960-B2EA-E1BF79AB0041}.Debug|x86.Build.0 = Debug|Win32
		{A96C0537-1703-4960-B2EA-E1BF79AB0041}.Release|x64.ActiveCfg = Release|x64
		{A96C0537-1703-4960-B2EA-E1BF79AB0041}.Release|x64.Build.0 = Release|x64
		{A96C0537-1703-4960-B2EA-E1BF79AB0041}.Release|x86.ActiveCfg = Release|Win32
		{A96C0537-1703-4960-B2EA-E1BF79AB0041}.Release|x86.Build.0 = Release|Win32
		{022DBA72-8C36-4781-AEC0-39956E80EBAF}.Debug|x64.ActiveCfg = Debug|x64
		{022DBA72-8C36-4781-AEC0-39956E80EBAF}.Debug|x64.Build.0 = Debug|x64
		{022DBA72-8C36-4781-AEC0-39956E80EBAF}.Debug|x86.ActiveCfg = Debug|Win32
		{022DBA72-8C36-4781-AEC0-39956E80EBAF}.Debug|x86.Build.0 = Debug|Win32
		{022DBA72-8C36-4781-AEC0-39956E80EBAF}.Release|x64.ActiveCfg = Release|x64
		{022DBA72-8C36-4781-AEC0-39956E80EBAF}.Release|x64.Build.0 = Release|x64
		{022DBA72-8C36-4781-AEC0-39956E80EBAF}.Release|x86.ActiveCfg = Release|Win32
		{022DBA72-8C36-4781-AEC0-39956E80EBAF}.Release|x86.Build.0 = Release|Win32
		{9542EE7C-3506-4CC5-96C8-9F53A56C606E}.Debug|x64.ActiveCfg = Debug|x64
		{9542EE7C-3506-4CC5-96C8-9F53A56C606E}.Debug|x64.Build.0 = Debug|x64
		{9542EE7C-3506-4CC5-96C8-9F53A56C606E}.Debug|x86.ActiveCfg = Debug|Win32
		{9542EE7C-3506-4CC5-96C8-9F53A56C606E}.Debug|x86.Build.0 = Debug|Win32
		{9542EE7C-3506-4CC5-96C8-9F53A56C606E}.Release|x64.ActiveCfg = Release|x64
		{9542EE7C-3506-4CC5-96C8-9F53A56C606E}.Release|x64.Build.0 = Release|x64
		{9542EE7C-3506-4CC5-96C8-9F53A56C606E}.Release|x86.ActiveCfg = Release|Win32
		{9542EE7C-3506-4CC5-96C8-9F53A56C606E}.Release|x86.Build.0 = Release|Win32
		{C6924FC5-BA6A-4A31-8119-E0AD0C463377}.Debug|x64.ActiveCfg = Debug|x64
		{C6924FC5-BA6A-4A31-8119-E0AD0C463377}.Debug|x64.Build.0 = Debug|x64
		{C6924FC5-BA6A-4A31-8119-E0AD0C463377}.Debug|x86.ActiveCfg = Debug|Win32
		{C6924FC5-BA6A-4A31-8119-E0AD0C463377}.Debug|x86.Build.0 = Debug|Win32
		{C6924FC5-BA6A-4A31-8119-E0AD0C463377}.Release|x64.ActiveCfg = Release|x64
		{C6924FC5-BA6A-4A31-8119-E0AD0C463377}.Release|x64.Build.0 = Release|x64
		{C6924FC5-BA6A-4A31-8119-E0AD0C463377}.Release|x86.ActiveCfg = Release|Win32
		{C6924FC5-BA6A-4A31-8119-E0AD0C463377}.Release|x86.Build.0 = Release|Win32
		{E7AEBA03-5785-4756-B681-65C3149CC572}.Debug|x64.ActiveCfg = Debug|x64
		{E7AEBA03-5785-4756-B681-65C3149CC572}.Debug|x64.Build.0 = Debug|x64
		{E7AEBA03-5785-4756-B681-65C3149CC572}.Debug|x86.ActiveCfg = Debug|Win32
		{E7AEBA03-5785-4756-B681-65C3149CC572}.Debug|x86.Build.0 = Debug|Win32
		{E7AEBA03-5785-4756-B681-65C3149CC572}.Release|x64.ActiveCfg = Release|x64
		{E7AEBA03-5785-4756-B681-65C3149CC572}.Release|x64.Build.0 = Release|x64
		{E7AEBA03-5785-4756-B681-65C3149CC572}.Release|x86.ActiveCfg = Release|Win32
		{E7AEBA03-5785-4756-B681-65C3149CC572}.Release|x86.Build.0 = Release|Win32
		{40D17ADE-04E0-46A7-ADEF-37B8310B135F}.Debug|x64.ActiveCfg = Debug|x64
		{40D17ADE-04E0-46A7-ADEF-37B8310B135F}.Debug|x64.Build.0 = Debug|x64
		{40D17ADE-04E0-46A7-ADEF-37B8310B135F}.Debug|x86.ActiveCfg = Debug|Win32
		{40D17ADE-04E0-46A7-ADEF-37B8310B135F}.Debug|x86.Build.0 = Debug|Win32
		{40D17ADE-04E0-46A7-ADEF-37B8310B135F}.Release|x64.ActiveCfg = Release|x64
		{40D17ADE-04E0-46A7-ADEF-37B8310B135F}.Release|x64.Build.0 = Release|x64
		{40D17ADE-04E0-46A7-ADEF-37B8310B135F}.Release|x86.ActiveCfg = Release|Win32
		{40D17ADE-04E0-46A7-ADEF-37B8310B135F}.Release|x86.Build.0 = Release|Win32
		{B9FFA27C-1017-42E9-AEE8-340EE993AAFF}.Debug|x64.ActiveCfg = Debug|x64
		{B9FFA27C-1017-42E9-AEE8-340EE993AAFF}.Debug|x64.Build.0 = Debug|x64
		{B9FFA27C-1017-42E9-AEE8-340EE993AAFF}.Debug|x86.ActiveCfg = Debug|Win32
		{B9FFA27C-1017-42E9-AEE8-340EE993AAFF}.Debug|x86.Build.0 = Debug|Win32
		{B9FFA27C-1017-42E9-AEE8-340EE993AAFF}.Release|x64.ActiveCfg = Release|x64
		{B9FFA27C-1017-42E9-AEE8-340EE993AAFF}.Release|x64.Build.0 = Release|x64
		{B9FFA27C-1017-42E9-AEE8-340EE993AAFF}.Release|x86.ActiveCfg = Release|Win32
		{B9FFA27C-1017-42E9-AEE8-340EE993AAFF}.Release|x86.Build.0 = Release|Win32
	EndGlobalSection
	GlobalSection(SolutionProperties) = preSolution
		HideSolutionNode = FALSE
	EndGlobalSection
	GlobalSection(ExtensibilityGlobals) = postSolution
		SolutionGuid = {9E9F1C22-E767-4BD8-BFF2-0190218E6F25}
	EndGlobalSection
EndGlobal
